
Microsoft Visual Studio Solution File, Format Version 12.00
# Visual Studio Version 17
VisualStudioVersion = 17.11.35222.181
MinimumVisualStudioVersion = 10.0.40219.1
Project("{FAE04EC0-301F-11D3-BF4B-00C04F79EFBC}") = "AgenciaITM", "AgenciaITM\AgenciaITM.csproj", "{7FFEF323-5AE0-405D-B043-AF5D2EC65FF6}"
EndProject
Global
	GlobalSection(SolutionConfigurationPlatforms) = preSolution
		Debug|Any CPU = Debug|Any CPU
		Release|Any CPU = Release|Any CPU
	EndGlobalSection
	GlobalSection(ProjectConfigurationPlatforms) = postSolution
		{7FFEF323-5AE0-405D-B043-AF5D2EC65FF6}.Debug|Any CPU.ActiveCfg = Debug|Any CPU
		{7FFEF323-5AE0-405D-B043-AF5D2EC65FF6}.Debug|Any CPU.Build.0 = Debug|Any CPU
		{7FFEF323-5AE0-405D-B043-AF5D2EC65FF6}.Release|Any CPU.ActiveCfg = Release|Any CPU
		{7FFEF323-5AE0-405D-B043-AF5D2EC65FF6}.Release|Any CPU.Build.0 = Release|Any CPU
	EndGlobalSection
	GlobalSection(SolutionProperties) = preSolution
		HideSolutionNode = FALSE
	EndGlobalSection
	GlobalSection(ExtensibilityGlobals) = postSolution
		SolutionGuid = {C69F5DB0-8CAA-4BE3-AE58-1C85E3AA65A1}
	EndGlobalSection
EndGlobal
